
Microsoft Visual Studio Solution File, Format Version 12.00
# Visual Studio 15
VisualStudioVersion = 15.0.27130.2003
MinimumVisualStudioVersion = 10.0.40219.1
Project("{2150E333-8FDC-42A3-9474-1A3956D46DE8}") = "src", "src", "{114AB921-11E0-472F-B30D-73850169098D}"
EndProject
Project("{2150E333-8FDC-42A3-9474-1A3956D46DE8}") = "test", "test", "{9E37DBE4-994A-47EC-892E-92743D64769E}"
EndProject
Project("{2150E333-8FDC-42A3-9474-1A3956D46DE8}") = "management", "management", "{C94CF5D0-64A7-4422-972F-056DCE2C37DD}"
EndProject
Project("{2150E333-8FDC-42A3-9474-1A3956D46DE8}") = "server", "server", "{77BF9CA9-56F0-4AB0-99A7-D5E905EFFB4B}"
EndProject
Project("{2150E333-8FDC-42A3-9474-1A3956D46DE8}") = "analysis", "analysis", "{E1F15232-3BBB-44DB-B72F-4742BC433FC3}"
EndProject
Project("{2150E333-8FDC-42A3-9474-1A3956D46DE8}") = "SDK", "SDK", "{8EB82F44-C8BC-49D7-8E86-285C7C846211}"
EndProject
Project("{2150E333-8FDC-42A3-9474-1A3956D46DE8}") = "analysis", "analysis", "{06FAB834-412B-49F5-B29F-4A5345A0C143}"
EndProject
Project("{2150E333-8FDC-42A3-9474-1A3956D46DE8}") = "management", "management", "{AE7281FD-E6DE-46B0-96D6-680D7028ABFC}"
EndProject
Project("{2150E333-8FDC-42A3-9474-1A3956D46DE8}") = "server", "server", "{72EAB7BF-3028-4DE9-AD3D-FB046991E8D7}"
EndProject
Project("{2150E333-8FDC-42A3-9474-1A3956D46DE8}") = "SDK", "SDK", "{33F08307-4325-4557-9D0B-DE57DD7DE249}"
EndProject
Project("{9A19103F-16F7-4668-BE54-9A1E7A4F7556}") = "TestChildProcess", "test\TestChildProcess\TestChildProcess.csproj", "{3D2899D6-EEB1-434F-8148-A5CBEB9D4E23}"
EndProject
Project("{2150E333-8FDC-42A3-9474-1A3956D46DE8}") = "deployment", "deployment", "{B7322F93-B63F-4B6A-AA9E-BA4FEA95526F}"
EndProject
Project("{2150E333-8FDC-42A3-9474-1A3956D46DE8}") = "functionapp", "functionapp", "{EA87A229-121E-4508-8F59-B7392128F5E4}"
EndProject
Project("{9A19103F-16F7-4668-BE54-9A1E7A4F7556}") = "ManagementApiTests", "test\management\server\ManagementApiTests\ManagementApiTests.csproj", "{033FEDDA-49D6-4123-8142-57470C7FCA34}"
EndProject
Project("{2150E333-8FDC-42A3-9474-1A3956D46DE8}") = "tools", "tools", "{04E5BEF7-CA4E-44C4-85C8-B9F7477FD205}"
	ProjectSection(SolutionItems) = preProject
		src\tools\UploadSmartDetectorPackage.ps1 = src\tools\UploadSmartDetectorPackage.ps1
	EndProjectSection
EndProject
Project("{9A19103F-16F7-4668-BE54-9A1E7A4F7556}") = "SmartDetectorsSDK", "src\SDK\SmartDetectorsSDK\SmartDetectorsSDK.csproj", "{FF996092-23C7-4AA5-AD0D-5E78C97F818B}"
EndProject
Project("{9A19103F-16F7-4668-BE54-9A1E7A4F7556}") = "SmartDetectorsShared", "src\SDK\SmartDetectorsShared\SmartDetectorsShared.csproj", "{DEFB7266-B05E-4D4F-9FFB-08B69D062AF1}"
EndProject
Project("{9A19103F-16F7-4668-BE54-9A1E7A4F7556}") = "SmartDetectorsBuildTask", "src\SDK\SmartDetectorsBuildTask\SmartDetectorsBuildTask.csproj", "{4EDB0B3F-1A65-4FBF-B910-9AB75896D2D3}"
EndProject
Project("{FAE04EC0-301F-11D3-BF4B-00C04F79EFBC}") = "SmartDetectors.ProjectTemplate", "src\SDK\SmartDetectors.ProjectTemplate\SmartDetectors.ProjectTemplate.csproj", "{F4851875-9C13-4FDB-A2E1-D9F17A5E3644}"
EndProject
Project("{FAE04EC0-301F-11D3-BF4B-00C04F79EFBC}") = "SmartDetectors.ProjectType", "src\SDK\SmartDetectors.ProjectType\SmartDetectors.ProjectType.csproj", "{6D361361-3A0D-4168-B934-04A303C04636}"
EndProject
Project("{FF286327-C783-4F7A-AB73-9BCBAD0D4460}") = "SmartDetectorsPackage", "src\SDK\SmartDetectorsPackage\SmartDetectorsPackage.nuproj", "{8FDC59D4-895C-41C3-B171-9CB75347AB88}"
EndProject
Project("{9A19103F-16F7-4668-BE54-9A1E7A4F7556}") = "MonitoringApplianceEmulator", "src\SDK\MonitoringApplianceEmulator\MonitoringApplianceEmulator.csproj", "{C4DF36C6-799E-4CB2-A11D-0BEBF5CC52C2}"
EndProject
Project("{9A19103F-16F7-4668-BE54-9A1E7A4F7556}") = "SmartDetectorsApplianceShared", "src\SmartDetectorsApplianceShared\SmartDetectorsApplianceShared.csproj", "{E4C45773-F04A-4B41-AEBC-A248A2216642}"
EndProject
Project("{9A19103F-16F7-4668-BE54-9A1E7A4F7556}") = "SmartDetectorsAnalysis", "src\analysis\SmartDetectorsAnalysis\SmartDetectorsAnalysis.csproj", "{5B545EC8-0351-410E-B8A6-356AF1DA5894}"
EndProject
Project("{9A19103F-16F7-4668-BE54-9A1E7A4F7556}") = "SmartDetectorRunnerChildProcess", "src\analysis\SmartDetectorRunnerChildProcess\SmartDetectorRunnerChildProcess.csproj", "{7C70F115-A949-45BE-B257-CC1489069756}"
EndProject
Project("{9A19103F-16F7-4668-BE54-9A1E7A4F7556}") = "SmartDetectorsManagementApi", "src\management\server\SmartDetectorsManagementApi\SmartDetectorsManagementApi.csproj", "{C88AFB30-5990-44F6-952C-E04CC7FC00EE}"
EndProject
Project("{9A19103F-16F7-4668-BE54-9A1E7A4F7556}") = "SmartDetectorsFunctionApp", "src\functionApp\SmartDetectorsFunctionApp\SmartDetectorsFunctionApp.csproj", "{ECEC4804-6F4D-412D-8FEC-333A9712C1CE}"
EndProject
Project("{151D2E53-A2C4-4D7D-83FE-D05416EBD58E}") = "MonitoringApplianceDeployment", "src\deployment\MonitoringApplianceDeployment\MonitoringApplianceDeployment.deployproj", "{D6BDEAD6-D513-4BE5-B678-C482807B9067}"
EndProject
Project("{9A19103F-16F7-4668-BE54-9A1E7A4F7556}") = "SmartDetectorsApplianceSharedTests", "test\SmartDetectorsApplianceSharedTests\SmartDetectorsApplianceSharedTests.csproj", "{7CA52E9E-63A8-4410-84C1-EAF13DBD821E}"
EndProject
Project("{9A19103F-16F7-4668-BE54-9A1E7A4F7556}") = "SmartDetectorsSharedTests", "test\SmartDetectorsSharedTests\SmartDetectorsSharedTests.csproj", "{61671551-F761-497D-B9F6-FFFA23F5FEE8}"
EndProject
Project("{2150E333-8FDC-42A3-9474-1A3956D46DE8}") = "testSmartDetector", "testSmartDetector", "{C2182DB7-E579-415C-BBE3-F59FFB0255D6}"
EndProject
Project("{9A19103F-16F7-4668-BE54-9A1E7A4F7556}") = "TestSmartDetectorDependentLibrary", "test\testSmartDetector\TestSmartDetectorDependentLibrary\TestSmartDetectorDependentLibrary.csproj", "{E0DCD553-7EF0-49FA-BCA0-D7EC106BBC44}"
EndProject
Project("{9A19103F-16F7-4668-BE54-9A1E7A4F7556}") = "TestSmartDetectorLibrary", "test\testSmartDetector\TestSmartDetectorLibrary\TestSmartDetectorLibrary.csproj", "{79409938-4F4A-4F80-AEF2-AA18F878B62A}"
EndProject
Project("{9A19103F-16F7-4668-BE54-9A1E7A4F7556}") = "SmartDetectorsSDKTests", "test\SDK\SmartDetectorsSDKTests\SmartDetectorsSDKTests.csproj", "{148EAB4E-6E90-40D0-A71C-1F0AA2271F19}"
EndProject
Project("{9A19103F-16F7-4668-BE54-9A1E7A4F7556}") = "SmartDetectorsAnalysisTests", "test\analysis\SmartDetectorsAnalysisTests\SmartDetectorsAnalysisTests.csproj", "{938B9E06-37BB-4841-BF41-26C4D9EC1097}"
EndProject
Project("{9A19103F-16F7-4668-BE54-9A1E7A4F7556}") = "MonitoringApplianceEmulatorTests", "test\SDK\MonitoringApplianceEmulatorTests\MonitoringApplianceEmulatorTests.csproj", "{E132FD17-FE2A-4662-AAB2-D10B5D689369}"
EndProject
Project("{2150E333-8FDC-42A3-9474-1A3956D46DE8}") = "Solution Items", "Solution Items", "{680E833B-E4D4-4F38-BBBD-FB428A62C3E4}"
	ProjectSection(SolutionItems) = preProject
		SmartDetectorsMonitoringAppliance.ruleset = SmartDetectorsMonitoringAppliance.ruleset
		test\SmartDetectorsMonitoringAppliance.test.ruleset = test\SmartDetectorsMonitoringAppliance.test.ruleset
	EndProjectSection
EndProject
Project("{9A19103F-16F7-4668-BE54-9A1E7A4F7556}") = "SmartDetectors.Extensions", "src\SDK\SmartDetectors.Extensions\SmartDetectors.Extensions.csproj", "{E741A447-54ED-492A-817F-9C6E52991DAC}"
EndProject
Project("{9A19103F-16F7-4668-BE54-9A1E7A4F7556}") = "SmartDetectorsExtensionsTests", "test\SDK\SmartDetectorsExtensionsTests\SmartDetectorsExtensionsTests.csproj", "{1D1C0CCC-CAFB-4F80-A482-48CCB48C69B5}"
EndProject
Project("{FF286327-C783-4F7A-AB73-9BCBAD0D4460}") = "SmartDetectorsExtensionsPackage", "src\SDK\SmartDetectorsExtensionsPackage\SmartDetectorsExtensionsPackage.nuproj", "{28979241-4DAB-46A3-9E0B-45A9A69CCB77}"
EndProject
Global
	GlobalSection(SolutionConfigurationPlatforms) = preSolution
		Debug|Any CPU = Debug|Any CPU
		Release|Any CPU = Release|Any CPU
	EndGlobalSection
	GlobalSection(ProjectConfigurationPlatforms) = postSolution
		{3D2899D6-EEB1-434F-8148-A5CBEB9D4E23}.Debug|Any CPU.ActiveCfg = Debug|Any CPU
		{3D2899D6-EEB1-434F-8148-A5CBEB9D4E23}.Debug|Any CPU.Build.0 = Debug|Any CPU
		{3D2899D6-EEB1-434F-8148-A5CBEB9D4E23}.Release|Any CPU.ActiveCfg = Release|Any CPU
		{3D2899D6-EEB1-434F-8148-A5CBEB9D4E23}.Release|Any CPU.Build.0 = Release|Any CPU
		{033FEDDA-49D6-4123-8142-57470C7FCA34}.Debug|Any CPU.ActiveCfg = Debug|Any CPU
		{033FEDDA-49D6-4123-8142-57470C7FCA34}.Debug|Any CPU.Build.0 = Debug|Any CPU
		{033FEDDA-49D6-4123-8142-57470C7FCA34}.Release|Any CPU.ActiveCfg = Release|Any CPU
		{033FEDDA-49D6-4123-8142-57470C7FCA34}.Release|Any CPU.Build.0 = Release|Any CPU
		{FF996092-23C7-4AA5-AD0D-5E78C97F818B}.Debug|Any CPU.ActiveCfg = Debug|Any CPU
		{FF996092-23C7-4AA5-AD0D-5E78C97F818B}.Debug|Any CPU.Build.0 = Debug|Any CPU
		{FF996092-23C7-4AA5-AD0D-5E78C97F818B}.Release|Any CPU.ActiveCfg = Release|Any CPU
		{FF996092-23C7-4AA5-AD0D-5E78C97F818B}.Release|Any CPU.Build.0 = Release|Any CPU
		{DEFB7266-B05E-4D4F-9FFB-08B69D062AF1}.Debug|Any CPU.ActiveCfg = Debug|Any CPU
		{DEFB7266-B05E-4D4F-9FFB-08B69D062AF1}.Debug|Any CPU.Build.0 = Debug|Any CPU
		{DEFB7266-B05E-4D4F-9FFB-08B69D062AF1}.Release|Any CPU.ActiveCfg = Release|Any CPU
		{DEFB7266-B05E-4D4F-9FFB-08B69D062AF1}.Release|Any CPU.Build.0 = Release|Any CPU
		{4EDB0B3F-1A65-4FBF-B910-9AB75896D2D3}.Debug|Any CPU.ActiveCfg = Debug|Any CPU
		{4EDB0B3F-1A65-4FBF-B910-9AB75896D2D3}.Debug|Any CPU.Build.0 = Debug|Any CPU
		{4EDB0B3F-1A65-4FBF-B910-9AB75896D2D3}.Release|Any CPU.ActiveCfg = Release|Any CPU
		{4EDB0B3F-1A65-4FBF-B910-9AB75896D2D3}.Release|Any CPU.Build.0 = Release|Any CPU
		{F4851875-9C13-4FDB-A2E1-D9F17A5E3644}.Debug|Any CPU.ActiveCfg = Debug|Any CPU
		{F4851875-9C13-4FDB-A2E1-D9F17A5E3644}.Debug|Any CPU.Build.0 = Debug|Any CPU
		{F4851875-9C13-4FDB-A2E1-D9F17A5E3644}.Release|Any CPU.ActiveCfg = Release|Any CPU
		{F4851875-9C13-4FDB-A2E1-D9F17A5E3644}.Release|Any CPU.Build.0 = Release|Any CPU
		{6D361361-3A0D-4168-B934-04A303C04636}.Debug|Any CPU.ActiveCfg = Debug|Any CPU
		{6D361361-3A0D-4168-B934-04A303C04636}.Debug|Any CPU.Build.0 = Debug|Any CPU
		{6D361361-3A0D-4168-B934-04A303C04636}.Release|Any CPU.ActiveCfg = Release|Any CPU
		{6D361361-3A0D-4168-B934-04A303C04636}.Release|Any CPU.Build.0 = Release|Any CPU
		{8FDC59D4-895C-41C3-B171-9CB75347AB88}.Debug|Any CPU.ActiveCfg = Debug|Any CPU
		{8FDC59D4-895C-41C3-B171-9CB75347AB88}.Debug|Any CPU.Build.0 = Debug|Any CPU
		{8FDC59D4-895C-41C3-B171-9CB75347AB88}.Release|Any CPU.ActiveCfg = Release|Any CPU
		{8FDC59D4-895C-41C3-B171-9CB75347AB88}.Release|Any CPU.Build.0 = Release|Any CPU
		{C4DF36C6-799E-4CB2-A11D-0BEBF5CC52C2}.Debug|Any CPU.ActiveCfg = Debug|Any CPU
		{C4DF36C6-799E-4CB2-A11D-0BEBF5CC52C2}.Debug|Any CPU.Build.0 = Debug|Any CPU
		{C4DF36C6-799E-4CB2-A11D-0BEBF5CC52C2}.Release|Any CPU.ActiveCfg = Release|Any CPU
		{C4DF36C6-799E-4CB2-A11D-0BEBF5CC52C2}.Release|Any CPU.Build.0 = Release|Any CPU
		{E4C45773-F04A-4B41-AEBC-A248A2216642}.Debug|Any CPU.ActiveCfg = Debug|Any CPU
		{E4C45773-F04A-4B41-AEBC-A248A2216642}.Debug|Any CPU.Build.0 = Debug|Any CPU
		{E4C45773-F04A-4B41-AEBC-A248A2216642}.Release|Any CPU.ActiveCfg = Release|Any CPU
		{E4C45773-F04A-4B41-AEBC-A248A2216642}.Release|Any CPU.Build.0 = Release|Any CPU
		{5B545EC8-0351-410E-B8A6-356AF1DA5894}.Debug|Any CPU.ActiveCfg = Debug|Any CPU
		{5B545EC8-0351-410E-B8A6-356AF1DA5894}.Debug|Any CPU.Build.0 = Debug|Any CPU
		{5B545EC8-0351-410E-B8A6-356AF1DA5894}.Release|Any CPU.ActiveCfg = Release|Any CPU
		{5B545EC8-0351-410E-B8A6-356AF1DA5894}.Release|Any CPU.Build.0 = Release|Any CPU
		{7C70F115-A949-45BE-B257-CC1489069756}.Debug|Any CPU.ActiveCfg = Debug|Any CPU
		{7C70F115-A949-45BE-B257-CC1489069756}.Debug|Any CPU.Build.0 = Debug|Any CPU
		{7C70F115-A949-45BE-B257-CC1489069756}.Release|Any CPU.ActiveCfg = Release|Any CPU
		{7C70F115-A949-45BE-B257-CC1489069756}.Release|Any CPU.Build.0 = Release|Any CPU
		{C88AFB30-5990-44F6-952C-E04CC7FC00EE}.Debug|Any CPU.ActiveCfg = Debug|Any CPU
		{C88AFB30-5990-44F6-952C-E04CC7FC00EE}.Debug|Any CPU.Build.0 = Debug|Any CPU
		{C88AFB30-5990-44F6-952C-E04CC7FC00EE}.Release|Any CPU.ActiveCfg = Release|Any CPU
		{C88AFB30-5990-44F6-952C-E04CC7FC00EE}.Release|Any CPU.Build.0 = Release|Any CPU
		{ECEC4804-6F4D-412D-8FEC-333A9712C1CE}.Debug|Any CPU.ActiveCfg = Debug|Any CPU
		{ECEC4804-6F4D-412D-8FEC-333A9712C1CE}.Debug|Any CPU.Build.0 = Debug|Any CPU
		{ECEC4804-6F4D-412D-8FEC-333A9712C1CE}.Release|Any CPU.ActiveCfg = Release|Any CPU
		{ECEC4804-6F4D-412D-8FEC-333A9712C1CE}.Release|Any CPU.Build.0 = Release|Any CPU
		{D6BDEAD6-D513-4BE5-B678-C482807B9067}.Debug|Any CPU.ActiveCfg = Debug|Any CPU
		{D6BDEAD6-D513-4BE5-B678-C482807B9067}.Debug|Any CPU.Build.0 = Debug|Any CPU
		{D6BDEAD6-D513-4BE5-B678-C482807B9067}.Release|Any CPU.ActiveCfg = Release|Any CPU
		{D6BDEAD6-D513-4BE5-B678-C482807B9067}.Release|Any CPU.Build.0 = Release|Any CPU
		{7CA52E9E-63A8-4410-84C1-EAF13DBD821E}.Debug|Any CPU.ActiveCfg = Debug|Any CPU
		{7CA52E9E-63A8-4410-84C1-EAF13DBD821E}.Debug|Any CPU.Build.0 = Debug|Any CPU
		{7CA52E9E-63A8-4410-84C1-EAF13DBD821E}.Release|Any CPU.ActiveCfg = Release|Any CPU
		{7CA52E9E-63A8-4410-84C1-EAF13DBD821E}.Release|Any CPU.Build.0 = Release|Any CPU
		{61671551-F761-497D-B9F6-FFFA23F5FEE8}.Debug|Any CPU.ActiveCfg = Debug|Any CPU
		{61671551-F761-497D-B9F6-FFFA23F5FEE8}.Debug|Any CPU.Build.0 = Debug|Any CPU
		{61671551-F761-497D-B9F6-FFFA23F5FEE8}.Release|Any CPU.ActiveCfg = Release|Any CPU
		{61671551-F761-497D-B9F6-FFFA23F5FEE8}.Release|Any CPU.Build.0 = Release|Any CPU
		{E0DCD553-7EF0-49FA-BCA0-D7EC106BBC44}.Debug|Any CPU.ActiveCfg = Debug|Any CPU
		{E0DCD553-7EF0-49FA-BCA0-D7EC106BBC44}.Debug|Any CPU.Build.0 = Debug|Any CPU
		{E0DCD553-7EF0-49FA-BCA0-D7EC106BBC44}.Release|Any CPU.ActiveCfg = Release|Any CPU
		{E0DCD553-7EF0-49FA-BCA0-D7EC106BBC44}.Release|Any CPU.Build.0 = Release|Any CPU
		{79409938-4F4A-4F80-AEF2-AA18F878B62A}.Debug|Any CPU.ActiveCfg = Debug|Any CPU
		{79409938-4F4A-4F80-AEF2-AA18F878B62A}.Debug|Any CPU.Build.0 = Debug|Any CPU
		{79409938-4F4A-4F80-AEF2-AA18F878B62A}.Release|Any CPU.ActiveCfg = Release|Any CPU
		{79409938-4F4A-4F80-AEF2-AA18F878B62A}.Release|Any CPU.Build.0 = Release|Any CPU
		{148EAB4E-6E90-40D0-A71C-1F0AA2271F19}.Debug|Any CPU.ActiveCfg = Debug|Any CPU
		{148EAB4E-6E90-40D0-A71C-1F0AA2271F19}.Debug|Any CPU.Build.0 = Debug|Any CPU
		{148EAB4E-6E90-40D0-A71C-1F0AA2271F19}.Release|Any CPU.ActiveCfg = Release|Any CPU
		{148EAB4E-6E90-40D0-A71C-1F0AA2271F19}.Release|Any CPU.Build.0 = Release|Any CPU
		{938B9E06-37BB-4841-BF41-26C4D9EC1097}.Debug|Any CPU.ActiveCfg = Debug|Any CPU
		{938B9E06-37BB-4841-BF41-26C4D9EC1097}.Debug|Any CPU.Build.0 = Debug|Any CPU
		{938B9E06-37BB-4841-BF41-26C4D9EC1097}.Release|Any CPU.ActiveCfg = Release|Any CPU
		{938B9E06-37BB-4841-BF41-26C4D9EC1097}.Release|Any CPU.Build.0 = Release|Any CPU
		{E132FD17-FE2A-4662-AAB2-D10B5D689369}.Debug|Any CPU.ActiveCfg = Debug|Any CPU
		{E132FD17-FE2A-4662-AAB2-D10B5D689369}.Debug|Any CPU.Build.0 = Debug|Any CPU
		{E132FD17-FE2A-4662-AAB2-D10B5D689369}.Release|Any CPU.ActiveCfg = Release|Any CPU
		{E132FD17-FE2A-4662-AAB2-D10B5D689369}.Release|Any CPU.Build.0 = Release|Any CPU
		{E741A447-54ED-492A-817F-9C6E52991DAC}.Debug|Any CPU.ActiveCfg = Debug|Any CPU
		{E741A447-54ED-492A-817F-9C6E52991DAC}.Debug|Any CPU.Build.0 = Debug|Any CPU
		{E741A447-54ED-492A-817F-9C6E52991DAC}.Release|Any CPU.ActiveCfg = Release|Any CPU
		{E741A447-54ED-492A-817F-9C6E52991DAC}.Release|Any CPU.Build.0 = Release|Any CPU
		{1D1C0CCC-CAFB-4F80-A482-48CCB48C69B5}.Debug|Any CPU.ActiveCfg = Debug|Any CPU
		{1D1C0CCC-CAFB-4F80-A482-48CCB48C69B5}.Debug|Any CPU.Build.0 = Debug|Any CPU
		{1D1C0CCC-CAFB-4F80-A482-48CCB48C69B5}.Release|Any CPU.ActiveCfg = Release|Any CPU
		{1D1C0CCC-CAFB-4F80-A482-48CCB48C69B5}.Release|Any CPU.Build.0 = Release|Any CPU
		{28979241-4DAB-46A3-9E0B-45A9A69CCB77}.Debug|Any CPU.ActiveCfg = Debug|Any CPU
		{28979241-4DAB-46A3-9E0B-45A9A69CCB77}.Debug|Any CPU.Build.0 = Debug|Any CPU
		{28979241-4DAB-46A3-9E0B-45A9A69CCB77}.Release|Any CPU.ActiveCfg = Release|Any CPU
		{28979241-4DAB-46A3-9E0B-45A9A69CCB77}.Release|Any CPU.Build.0 = Release|Any CPU
	EndGlobalSection
	GlobalSection(SolutionProperties) = preSolution
		HideSolutionNode = FALSE
	EndGlobalSection
	GlobalSection(NestedProjects) = preSolution
		{C94CF5D0-64A7-4422-972F-056DCE2C37DD} = {114AB921-11E0-472F-B30D-73850169098D}
		{77BF9CA9-56F0-4AB0-99A7-D5E905EFFB4B} = {C94CF5D0-64A7-4422-972F-056DCE2C37DD}
		{E1F15232-3BBB-44DB-B72F-4742BC433FC3} = {114AB921-11E0-472F-B30D-73850169098D}
		{8EB82F44-C8BC-49D7-8E86-285C7C846211} = {114AB921-11E0-472F-B30D-73850169098D}
		{06FAB834-412B-49F5-B29F-4A5345A0C143} = {9E37DBE4-994A-47EC-892E-92743D64769E}
		{AE7281FD-E6DE-46B0-96D6-680D7028ABFC} = {9E37DBE4-994A-47EC-892E-92743D64769E}
		{72EAB7BF-3028-4DE9-AD3D-FB046991E8D7} = {AE7281FD-E6DE-46B0-96D6-680D7028ABFC}
		{33F08307-4325-4557-9D0B-DE57DD7DE249} = {9E37DBE4-994A-47EC-892E-92743D64769E}
		{3D2899D6-EEB1-434F-8148-A5CBEB9D4E23} = {9E37DBE4-994A-47EC-892E-92743D64769E}
		{B7322F93-B63F-4B6A-AA9E-BA4FEA95526F} = {114AB921-11E0-472F-B30D-73850169098D}
		{EA87A229-121E-4508-8F59-B7392128F5E4} = {114AB921-11E0-472F-B30D-73850169098D}
		{033FEDDA-49D6-4123-8142-57470C7FCA34} = {72EAB7BF-3028-4DE9-AD3D-FB046991E8D7}
		{04E5BEF7-CA4E-44C4-85C8-B9F7477FD205} = {114AB921-11E0-472F-B30D-73850169098D}
		{FF996092-23C7-4AA5-AD0D-5E78C97F818B} = {8EB82F44-C8BC-49D7-8E86-285C7C846211}
		{DEFB7266-B05E-4D4F-9FFB-08B69D062AF1} = {8EB82F44-C8BC-49D7-8E86-285C7C846211}
		{4EDB0B3F-1A65-4FBF-B910-9AB75896D2D3} = {8EB82F44-C8BC-49D7-8E86-285C7C846211}
		{F4851875-9C13-4FDB-A2E1-D9F17A5E3644} = {8EB82F44-C8BC-49D7-8E86-285C7C846211}
		{6D361361-3A0D-4168-B934-04A303C04636} = {8EB82F44-C8BC-49D7-8E86-285C7C846211}
		{8FDC59D4-895C-41C3-B171-9CB75347AB88} = {8EB82F44-C8BC-49D7-8E86-285C7C846211}
		{C4DF36C6-799E-4CB2-A11D-0BEBF5CC52C2} = {8EB82F44-C8BC-49D7-8E86-285C7C846211}
		{E4C45773-F04A-4B41-AEBC-A248A2216642} = {114AB921-11E0-472F-B30D-73850169098D}
		{5B545EC8-0351-410E-B8A6-356AF1DA5894} = {E1F15232-3BBB-44DB-B72F-4742BC433FC3}
		{7C70F115-A949-45BE-B257-CC1489069756} = {E1F15232-3BBB-44DB-B72F-4742BC433FC3}
		{C88AFB30-5990-44F6-952C-E04CC7FC00EE} = {77BF9CA9-56F0-4AB0-99A7-D5E905EFFB4B}
		{ECEC4804-6F4D-412D-8FEC-333A9712C1CE} = {EA87A229-121E-4508-8F59-B7392128F5E4}
		{D6BDEAD6-D513-4BE5-B678-C482807B9067} = {B7322F93-B63F-4B6A-AA9E-BA4FEA95526F}
		{7CA52E9E-63A8-4410-84C1-EAF13DBD821E} = {9E37DBE4-994A-47EC-892E-92743D64769E}
		{61671551-F761-497D-B9F6-FFFA23F5FEE8} = {9E37DBE4-994A-47EC-892E-92743D64769E}
		{C2182DB7-E579-415C-BBE3-F59FFB0255D6} = {9E37DBE4-994A-47EC-892E-92743D64769E}
		{E0DCD553-7EF0-49FA-BCA0-D7EC106BBC44} = {C2182DB7-E579-415C-BBE3-F59FFB0255D6}
		{79409938-4F4A-4F80-AEF2-AA18F878B62A} = {C2182DB7-E579-415C-BBE3-F59FFB0255D6}
		{148EAB4E-6E90-40D0-A71C-1F0AA2271F19} = {33F08307-4325-4557-9D0B-DE57DD7DE249}
		{938B9E06-37BB-4841-BF41-26C4D9EC1097} = {06FAB834-412B-49F5-B29F-4A5345A0C143}
		{E132FD17-FE2A-4662-AAB2-D10B5D689369} = {33F08307-4325-4557-9D0B-DE57DD7DE249}
		{E741A447-54ED-492A-817F-9C6E52991DAC} = {8EB82F44-C8BC-49D7-8E86-285C7C846211}
		{1D1C0CCC-CAFB-4F80-A482-48CCB48C69B5} = {9E37DBE4-994A-47EC-892E-92743D64769E}
		{28979241-4DAB-46A3-9E0B-45A9A69CCB77} = {8EB82F44-C8BC-49D7-8E86-285C7C846211}
	EndGlobalSection
	GlobalSection(ExtensibilityGlobals) = postSolution
		SolutionGuid = {A2B03FA1-C26D-433C-80FD-54E2BAEB0330}
	EndGlobalSection
EndGlobal
