
Microsoft Visual Studio Solution File, Format Version 12.00
# Visual Studio 15
VisualStudioVersion = 15.0.27004.2010
MinimumVisualStudioVersion = 10.0.40219.1
Project("{2150E333-8FDC-42A3-9474-1A3956D46DE8}") = "src", "src", "{114AB921-11E0-472F-B30D-73850169098D}"
EndProject
Project("{2150E333-8FDC-42A3-9474-1A3956D46DE8}") = "test", "test", "{9E37DBE4-994A-47EC-892E-92743D64769E}"
EndProject
Project("{2150E333-8FDC-42A3-9474-1A3956D46DE8}") = "management", "management", "{C94CF5D0-64A7-4422-972F-056DCE2C37DD}"
EndProject
Project("{2150E333-8FDC-42A3-9474-1A3956D46DE8}") = "client", "client", "{D40F07EB-1895-46F7-98CA-0060CBEFDF04}"
EndProject
Project("{2150E333-8FDC-42A3-9474-1A3956D46DE8}") = "server", "server", "{77BF9CA9-56F0-4AB0-99A7-D5E905EFFB4B}"
EndProject
Project("{2150E333-8FDC-42A3-9474-1A3956D46DE8}") = "scheduler", "scheduler", "{B5D1D047-050E-4AA4-8C36-0CCF89085277}"
EndProject
Project("{2150E333-8FDC-42A3-9474-1A3956D46DE8}") = "analysis", "analysis", "{E1F15232-3BBB-44DB-B72F-4742BC433FC3}"
EndProject
Project("{2150E333-8FDC-42A3-9474-1A3956D46DE8}") = "SDK", "SDK", "{8EB82F44-C8BC-49D7-8E86-285C7C846211}"
EndProject
Project("{2150E333-8FDC-42A3-9474-1A3956D46DE8}") = "analysis", "analysis", "{06FAB834-412B-49F5-B29F-4A5345A0C143}"
EndProject
Project("{2150E333-8FDC-42A3-9474-1A3956D46DE8}") = "management", "management", "{AE7281FD-E6DE-46B0-96D6-680D7028ABFC}"
EndProject
Project("{2150E333-8FDC-42A3-9474-1A3956D46DE8}") = "client", "client", "{3C088207-AAD7-43CB-A688-6F2C224DA77E}"
EndProject
Project("{2150E333-8FDC-42A3-9474-1A3956D46DE8}") = "server", "server", "{72EAB7BF-3028-4DE9-AD3D-FB046991E8D7}"
EndProject
Project("{2150E333-8FDC-42A3-9474-1A3956D46DE8}") = "scheduler", "scheduler", "{C7A88D6D-41E9-4A30-96D5-5D7CF4156CEA}"
EndProject
Project("{2150E333-8FDC-42A3-9474-1A3956D46DE8}") = "SDK", "SDK", "{33F08307-4325-4557-9D0B-DE57DD7DE249}"
EndProject
Project("{9A19103F-16F7-4668-BE54-9A1E7A4F7556}") = "SmartSignalsAnalysis", "src\analysis\SmartSignalsAnalysis\SmartSignalsAnalysis.csproj", "{16BEFF04-01CC-4C6A-B835-42DC78550B68}"
EndProject
Project("{9A19103F-16F7-4668-BE54-9A1E7A4F7556}") = "SmartSignalsShared", "src\SmartSignalsShared\SmartSignalsShared.csproj", "{03628C28-B52D-4785-8F70-A5191F0AAA04}"
EndProject
Project("{9A19103F-16F7-4668-BE54-9A1E7A4F7556}") = "SmartSignalSchedulerTests", "test\scheduler\SmartSignalSchedulerTests\SmartSignalSchedulerTests.csproj", "{700FD1D5-A401-47F2-8C0A-50F64447B660}"
EndProject
Project("{9A19103F-16F7-4668-BE54-9A1E7A4F7556}") = "SmartSignalsSDK", "src\SDK\SmartSignalsSDK\SmartSignalsSDK.csproj", "{8C942F8E-1741-4D63-87CB-D79C0F0EC02C}"
EndProject
Project("{9A19103F-16F7-4668-BE54-9A1E7A4F7556}") = "SmartSignalsSDKTests", "test\SDK\SmartSignalsSDKTests\SmartSignalsSDKTests.csproj", "{4D70BC39-6898-433D-9FEA-E267014C3FEC}"
EndProject
Project("{9A19103F-16F7-4668-BE54-9A1E7A4F7556}") = "SmartSignalScheduler", "src\scheduler\SmartSignalsScheduler\SmartSignalScheduler.csproj", "{28AEC5A1-2050-4166-A025-694F4445C804}"
EndProject
Project("{9A19103F-16F7-4668-BE54-9A1E7A4F7556}") = "SmartSignalSharedTests", "test\SmartSignalSharedTests\SmartSignalSharedTests.csproj", "{3A7C1094-7920-40EC-B630-D392D2E3B3C9}"
EndProject
Global
	GlobalSection(SolutionConfigurationPlatforms) = preSolution
		Debug|Any CPU = Debug|Any CPU
		Release|Any CPU = Release|Any CPU
	EndGlobalSection
	GlobalSection(ProjectConfigurationPlatforms) = postSolution
		{16BEFF04-01CC-4C6A-B835-42DC78550B68}.Debug|Any CPU.ActiveCfg = Debug|Any CPU
		{16BEFF04-01CC-4C6A-B835-42DC78550B68}.Debug|Any CPU.Build.0 = Debug|Any CPU
		{16BEFF04-01CC-4C6A-B835-42DC78550B68}.Release|Any CPU.ActiveCfg = Release|Any CPU
		{16BEFF04-01CC-4C6A-B835-42DC78550B68}.Release|Any CPU.Build.0 = Release|Any CPU
		{03628C28-B52D-4785-8F70-A5191F0AAA04}.Debug|Any CPU.ActiveCfg = Debug|Any CPU
		{03628C28-B52D-4785-8F70-A5191F0AAA04}.Debug|Any CPU.Build.0 = Debug|Any CPU
		{03628C28-B52D-4785-8F70-A5191F0AAA04}.Release|Any CPU.ActiveCfg = Release|Any CPU
		{03628C28-B52D-4785-8F70-A5191F0AAA04}.Release|Any CPU.Build.0 = Release|Any CPU
		{700FD1D5-A401-47F2-8C0A-50F64447B660}.Debug|Any CPU.ActiveCfg = Debug|Any CPU
		{700FD1D5-A401-47F2-8C0A-50F64447B660}.Debug|Any CPU.Build.0 = Debug|Any CPU
		{700FD1D5-A401-47F2-8C0A-50F64447B660}.Release|Any CPU.ActiveCfg = Release|Any CPU
		{700FD1D5-A401-47F2-8C0A-50F64447B660}.Release|Any CPU.Build.0 = Release|Any CPU
		{8C942F8E-1741-4D63-87CB-D79C0F0EC02C}.Debug|Any CPU.ActiveCfg = Debug|Any CPU
		{8C942F8E-1741-4D63-87CB-D79C0F0EC02C}.Debug|Any CPU.Build.0 = Debug|Any CPU
		{8C942F8E-1741-4D63-87CB-D79C0F0EC02C}.Release|Any CPU.ActiveCfg = Release|Any CPU
		{8C942F8E-1741-4D63-87CB-D79C0F0EC02C}.Release|Any CPU.Build.0 = Release|Any CPU
		{4D70BC39-6898-433D-9FEA-E267014C3FEC}.Debug|Any CPU.ActiveCfg = Debug|Any CPU
		{4D70BC39-6898-433D-9FEA-E267014C3FEC}.Debug|Any CPU.Build.0 = Debug|Any CPU
		{4D70BC39-6898-433D-9FEA-E267014C3FEC}.Release|Any CPU.ActiveCfg = Release|Any CPU
		{4D70BC39-6898-433D-9FEA-E267014C3FEC}.Release|Any CPU.Build.0 = Release|Any CPU
		{28AEC5A1-2050-4166-A025-694F4445C804}.Debug|Any CPU.ActiveCfg = Debug|Any CPU
		{28AEC5A1-2050-4166-A025-694F4445C804}.Debug|Any CPU.Build.0 = Debug|Any CPU
		{28AEC5A1-2050-4166-A025-694F4445C804}.Release|Any CPU.ActiveCfg = Release|Any CPU
		{28AEC5A1-2050-4166-A025-694F4445C804}.Release|Any CPU.Build.0 = Release|Any CPU
		{3A7C1094-7920-40EC-B630-D392D2E3B3C9}.Debug|Any CPU.ActiveCfg = Debug|Any CPU
		{3A7C1094-7920-40EC-B630-D392D2E3B3C9}.Debug|Any CPU.Build.0 = Debug|Any CPU
		{3A7C1094-7920-40EC-B630-D392D2E3B3C9}.Release|Any CPU.ActiveCfg = Release|Any CPU
		{3A7C1094-7920-40EC-B630-D392D2E3B3C9}.Release|Any CPU.Build.0 = Release|Any CPU
	EndGlobalSection
	GlobalSection(SolutionProperties) = preSolution
		HideSolutionNode = FALSE
	EndGlobalSection
	GlobalSection(NestedProjects) = preSolution
		{C94CF5D0-64A7-4422-972F-056DCE2C37DD} = {114AB921-11E0-472F-B30D-73850169098D}
		{D40F07EB-1895-46F7-98CA-0060CBEFDF04} = {C94CF5D0-64A7-4422-972F-056DCE2C37DD}
		{77BF9CA9-56F0-4AB0-99A7-D5E905EFFB4B} = {C94CF5D0-64A7-4422-972F-056DCE2C37DD}
		{B5D1D047-050E-4AA4-8C36-0CCF89085277} = {114AB921-11E0-472F-B30D-73850169098D}
		{E1F15232-3BBB-44DB-B72F-4742BC433FC3} = {114AB921-11E0-472F-B30D-73850169098D}
		{8EB82F44-C8BC-49D7-8E86-285C7C846211} = {114AB921-11E0-472F-B30D-73850169098D}
		{06FAB834-412B-49F5-B29F-4A5345A0C143} = {9E37DBE4-994A-47EC-892E-92743D64769E}
		{AE7281FD-E6DE-46B0-96D6-680D7028ABFC} = {9E37DBE4-994A-47EC-892E-92743D64769E}
		{3C088207-AAD7-43CB-A688-6F2C224DA77E} = {AE7281FD-E6DE-46B0-96D6-680D7028ABFC}
		{72EAB7BF-3028-4DE9-AD3D-FB046991E8D7} = {AE7281FD-E6DE-46B0-96D6-680D7028ABFC}
		{C7A88D6D-41E9-4A30-96D5-5D7CF4156CEA} = {9E37DBE4-994A-47EC-892E-92743D64769E}
		{33F08307-4325-4557-9D0B-DE57DD7DE249} = {9E37DBE4-994A-47EC-892E-92743D64769E}
		{16BEFF04-01CC-4C6A-B835-42DC78550B68} = {E1F15232-3BBB-44DB-B72F-4742BC433FC3}
		{03628C28-B52D-4785-8F70-A5191F0AAA04} = {114AB921-11E0-472F-B30D-73850169098D}
		{700FD1D5-A401-47F2-8C0A-50F64447B660} = {C7A88D6D-41E9-4A30-96D5-5D7CF4156CEA}
		{8C942F8E-1741-4D63-87CB-D79C0F0EC02C} = {8EB82F44-C8BC-49D7-8E86-285C7C846211}
		{4D70BC39-6898-433D-9FEA-E267014C3FEC} = {33F08307-4325-4557-9D0B-DE57DD7DE249}
		{28AEC5A1-2050-4166-A025-694F4445C804} = {B5D1D047-050E-4AA4-8C36-0CCF89085277}
		{3A7C1094-7920-40EC-B630-D392D2E3B3C9} = {9E37DBE4-994A-47EC-892E-92743D64769E}
	EndGlobalSection
	GlobalSection(ExtensibilityGlobals) = postSolution
		SolutionGuid = {07D047F4-DA5D-48AA-82EA-55DA2452F3C3}
	EndGlobalSection
EndGlobal
